
Microsoft Visual Studio Solution File, Format Version 12.00
# Visual Studio Version 17
VisualStudioVersion = 17.11.35312.102
MinimumVisualStudioVersion = 10.0.40219.1
Project("{FAE04EC0-301F-11D3-BF4B-00C04F79EFBC}") = "c#lab04", "c#lab04\c#lab04.csproj", "{0DEB072E-D1C1-4317-973C-077C6BA5AECA}"
EndProject
Project("{FAE04EC0-301F-11D3-BF4B-00C04F79EFBC}") = "ConsoleApp1", "ConsoleApp1\ConsoleApp1.csproj", "{53064592-237A-4980-BBE7-7E8A3E6280A5}"
EndProject
Project("{FAE04EC0-301F-11D3-BF4B-00C04F79EFBC}") = "ConsoleApp2", "ConsoleApp2\ConsoleApp2.csproj", "{E8CB7FB8-0AEC-4076-964D-82EE25DB9451}"
EndProject
Global
	GlobalSection(SolutionConfigurationPlatforms) = preSolution
		Debug|Any CPU = Debug|Any CPU
		Release|Any CPU = Release|Any CPU
	EndGlobalSection
	GlobalSection(ProjectConfigurationPlatforms) = postSolution
		{0DEB072E-D1C1-4317-973C-077C6BA5AECA}.Debug|Any CPU.ActiveCfg = Debug|Any CPU
		{0DEB072E-D1C1-4317-973C-077C6BA5AECA}.Debug|Any CPU.Build.0 = Debug|Any CPU
		{0DEB072E-D1C1-4317-973C-077C6BA5AECA}.Release|Any CPU.ActiveCfg = Release|Any CPU
		{0DEB072E-D1C1-4317-973C-077C6BA5AECA}.Release|Any CPU.Build.0 = Release|Any CPU
		{53064592-237A-4980-BBE7-7E8A3E6280A5}.Debug|Any CPU.ActiveCfg = Debug|Any CPU
		{53064592-237A-4980-BBE7-7E8A3E6280A5}.Debug|Any CPU.Build.0 = Debug|Any CPU
		{53064592-237A-4980-BBE7-7E8A3E6280A5}.Release|Any CPU.ActiveCfg = Release|Any CPU
		{53064592-237A-4980-BBE7-7E8A3E6280A5}.Release|Any CPU.Build.0 = Release|Any CPU
		{E8CB7FB8-0AEC-4076-964D-82EE25DB9451}.Debug|Any CPU.ActiveCfg = Debug|Any CPU
		{E8CB7FB8-0AEC-4076-964D-82EE25DB9451}.Debug|Any CPU.Build.0 = Debug|Any CPU
		{E8CB7FB8-0AEC-4076-964D-82EE25DB9451}.Release|Any CPU.ActiveCfg = Release|Any CPU
		{E8CB7FB8-0AEC-4076-964D-82EE25DB9451}.Release|Any CPU.Build.0 = Release|Any CPU
	EndGlobalSection
	GlobalSection(SolutionProperties) = preSolution
		HideSolutionNode = FALSE
	EndGlobalSection
	GlobalSection(ExtensibilityGlobals) = postSolution
		SolutionGuid = {B28FAE2A-68DB-43D3-869C-4F4A01E3C4F8}
	EndGlobalSection
EndGlobal
